
Microsoft Visual Studio Solution File, Format Version 12.00
# Visual Studio 14
VisualStudioVersion = 14.0.25420.1
MinimumVisualStudioVersion = 10.0.40219.1
Project("{FAE04EC0-301F-11D3-BF4B-00C04F79EFBC}") = "CoBuilder.Core", "CoBuilder.Core\CoBuilder.Core.csproj", "{AD7E6096-B8EA-46DC-95B3-36367343454C}"
EndProject
Project("{FAE04EC0-301F-11D3-BF4B-00C04F79EFBC}") = "BuildTester", "BuildTester\BuildTester.csproj", "{7FE3DE04-1DA0-43CA-993D-BF78BED5621C}"
EndProject
Project("{2150E333-8FDC-42A3-9474-1A3956D46DE8}") = "Solution Items", "Solution Items", "{E90F29E1-0204-466C-A504-7D02EE1A2126}"
	ProjectSection(SolutionItems) = preProject
		SharedAssemblyInfo.cs = SharedAssemblyInfo.cs
	EndProjectSection
EndProject
Project("{FAE04EC0-301F-11D3-BF4B-00C04F79EFBC}") = "CoBuilder.Service", "CoBuilder.Interfaces\CoBuilder.Service.csproj", "{F2BC9C66-8993-44D2-9F05-B252D3447A83}"
EndProject
Global
	GlobalSection(SolutionConfigurationPlatforms) = preSolution
		Debug|Any CPU = Debug|Any CPU
		Release|Any CPU = Release|Any CPU
	EndGlobalSection
	GlobalSection(ProjectConfigurationPlatforms) = postSolution
		{AD7E6096-B8EA-46DC-95B3-36367343454C}.Debug|Any CPU.ActiveCfg = Debug|Any CPU
		{AD7E6096-B8EA-46DC-95B3-36367343454C}.Debug|Any CPU.Build.0 = Debug|Any CPU
		{AD7E6096-B8EA-46DC-95B3-36367343454C}.Release|Any CPU.ActiveCfg = Release|Any CPU
		{AD7E6096-B8EA-46DC-95B3-36367343454C}.Release|Any CPU.Build.0 = Release|Any CPU
		{7FE3DE04-1DA0-43CA-993D-BF78BED5621C}.Debug|Any CPU.ActiveCfg = Debug|Any CPU
		{7FE3DE04-1DA0-43CA-993D-BF78BED5621C}.Debug|Any CPU.Build.0 = Debug|Any CPU
		{7FE3DE04-1DA0-43CA-993D-BF78BED5621C}.Release|Any CPU.ActiveCfg = Release|Any CPU
		{7FE3DE04-1DA0-43CA-993D-BF78BED5621C}.Release|Any CPU.Build.0 = Release|Any CPU
		{F2BC9C66-8993-44D2-9F05-B252D3447A83}.Debug|Any CPU.ActiveCfg = Debug|Any CPU
		{F2BC9C66-8993-44D2-9F05-B252D3447A83}.Debug|Any CPU.Build.0 = Debug|Any CPU
		{F2BC9C66-8993-44D2-9F05-B252D3447A83}.Release|Any CPU.ActiveCfg = Release|Any CPU
		{F2BC9C66-8993-44D2-9F05-B252D3447A83}.Release|Any CPU.Build.0 = Release|Any CPU
	EndGlobalSection
	GlobalSection(SolutionProperties) = preSolution
		HideSolutionNode = FALSE
	EndGlobalSection
EndGlobal
